// !$*UTF8*$!
{
	archiveVersion = 1;
	classes = {
	};
	objectVersion = 50;
	objects = {

/* Begin PBXBuildFile section */
		2BCA57D922CAD1AD005F4C52 /* AppDelegate.swift in Sources */ = {isa = PBXBuildFile; fileRef = 2BCA57D822CAD1AD005F4C52 /* AppDelegate.swift */; };
		2BCA57DB22CAD1AD005F4C52 /* ViewController.swift in Sources */ = {isa = PBXBuildFile; fileRef = 2BCA57DA22CAD1AD005F4C52 /* ViewController.swift */; };
		2BCA57DE22CAD1AD005F4C52 /* Main.storyboard in Resources */ = {isa = PBXBuildFile; fileRef = 2BCA57DC22CAD1AD005F4C52 /* Main.storyboard */; };
		2BCA57E022CAD1AF005F4C52 /* Assets.xcassets in Resources */ = {isa = PBXBuildFile; fileRef = 2BCA57DF22CAD1AF005F4C52 /* Assets.xcassets */; };
		2BCA57E322CAD1AF005F4C52 /* LaunchScreen.storyboard in Resources */ = {isa = PBXBuildFile; fileRef = 2BCA57E122CAD1AF005F4C52 /* LaunchScreen.storyboard */; };
		2BCA57EE22CAD1AF005F4C52 /* Performance_iOS_SwiftTests.swift in Sources */ = {isa = PBXBuildFile; fileRef = 2BCA57ED22CAD1AF005F4C52 /* Performance_iOS_SwiftTests.swift */; };
		943FE1ED9D220B5A0527DDD2 /* Pods_Performance_iOS_Swift.framework in Frameworks */ = {isa = PBXBuildFile; fileRef = B78BBBF2330F682922C8E643 /* Pods_Performance_iOS_Swift.framework */; };
		B5F8E6069E48F82263E99761 /* Pods_Performance_iOS_SwiftTests.framework in Frameworks */ = {isa = PBXBuildFile; fileRef = BF69722A2D297453AA909503 /* Pods_Performance_iOS_SwiftTests.framework */; };
/* End PBXBuildFile section */

/* Begin PBXContainerItemProxy section */
		2BCA57EA22CAD1AF005F4C52 /* PBXContainerItemProxy */ = {
			isa = PBXContainerItemProxy;
			containerPortal = 2BCA57CD22CAD1AD005F4C52 /* Project object */;
			proxyType = 1;
			remoteGlobalIDString = 2BCA57D422CAD1AD005F4C52;
			remoteInfo = "Performance-iOS-Swift";
		};
/* End PBXContainerItemProxy section */

/* Begin PBXFileReference section */
		2B92693413FFAD4539FC35AC /* Pods-Performance-iOS-SwiftTests.debug.xcconfig */ = {isa = PBXFileReference; includeInIndex = 1; lastKnownFileType = text.xcconfig; name = "Pods-Performance-iOS-SwiftTests.debug.xcconfig"; path = "Target Support Files/Pods-Performance-iOS-SwiftTests/Pods-Performance-iOS-SwiftTests.debug.xcconfig"; sourceTree = "<group>"; };
		2BCA57D522CAD1AD005F4C52 /* Performance-iOS-Swift.app */ = {isa = PBXFileReference; explicitFileType = wrapper.application; includeInIndex = 0; path = "Performance-iOS-Swift.app"; sourceTree = BUILT_PRODUCTS_DIR; };
		2BCA57D822CAD1AD005F4C52 /* AppDelegate.swift */ = {isa = PBXFileReference; lastKnownFileType = sourcecode.swift; path = AppDelegate.swift; sourceTree = "<group>"; };
		2BCA57DA22CAD1AD005F4C52 /* ViewController.swift */ = {isa = PBXFileReference; lastKnownFileType = sourcecode.swift; path = ViewController.swift; sourceTree = "<group>"; };
		2BCA57DD22CAD1AD005F4C52 /* Base */ = {isa = PBXFileReference; lastKnownFileType = file.storyboard; name = Base; path = Base.lproj/Main.storyboard; sourceTree = "<group>"; };
		2BCA57DF22CAD1AF005F4C52 /* Assets.xcassets */ = {isa = PBXFileReference; lastKnownFileType = folder.assetcatalog; path = Assets.xcassets; sourceTree = "<group>"; };
		2BCA57E222CAD1AF005F4C52 /* Base */ = {isa = PBXFileReference; lastKnownFileType = file.storyboard; name = Base; path = Base.lproj/LaunchScreen.storyboard; sourceTree = "<group>"; };
		2BCA57E422CAD1AF005F4C52 /* Info.plist */ = {isa = PBXFileReference; lastKnownFileType = text.plist.xml; path = Info.plist; sourceTree = "<group>"; };
		2BCA57E922CAD1AF005F4C52 /* Performance-iOS-SwiftTests.xctest */ = {isa = PBXFileReference; explicitFileType = wrapper.cfbundle; includeInIndex = 0; path = "Performance-iOS-SwiftTests.xctest"; sourceTree = BUILT_PRODUCTS_DIR; };
		2BCA57ED22CAD1AF005F4C52 /* Performance_iOS_SwiftTests.swift */ = {isa = PBXFileReference; lastKnownFileType = sourcecode.swift; path = Performance_iOS_SwiftTests.swift; sourceTree = "<group>"; };
		2BCA57EF22CAD1AF005F4C52 /* Info.plist */ = {isa = PBXFileReference; lastKnownFileType = text.plist.xml; path = Info.plist; sourceTree = "<group>"; };
		365FD17C7D8FA98F81BB8CA3 /* Pods-Performance-iOS-SwiftTests.release.xcconfig */ = {isa = PBXFileReference; includeInIndex = 1; lastKnownFileType = text.xcconfig; name = "Pods-Performance-iOS-SwiftTests.release.xcconfig"; path = "Target Support Files/Pods-Performance-iOS-SwiftTests/Pods-Performance-iOS-SwiftTests.release.xcconfig"; sourceTree = "<group>"; };
		48D70A4290C4D5A1EB2105D3 /* Pods-Performance-iOS-Swift.debug.xcconfig */ = {isa = PBXFileReference; includeInIndex = 1; lastKnownFileType = text.xcconfig; name = "Pods-Performance-iOS-Swift.debug.xcconfig"; path = "Target Support Files/Pods-Performance-iOS-Swift/Pods-Performance-iOS-Swift.debug.xcconfig"; sourceTree = "<group>"; };
		9F7322485F47203DE62D3B2E /* Pods-Performance-iOS-Swift.release.xcconfig */ = {isa = PBXFileReference; includeInIndex = 1; lastKnownFileType = text.xcconfig; name = "Pods-Performance-iOS-Swift.release.xcconfig"; path = "Target Support Files/Pods-Performance-iOS-Swift/Pods-Performance-iOS-Swift.release.xcconfig"; sourceTree = "<group>"; };
		B78BBBF2330F682922C8E643 /* Pods_Performance_iOS_Swift.framework */ = {isa = PBXFileReference; explicitFileType = wrapper.framework; includeInIndex = 0; path = Pods_Performance_iOS_Swift.framework; sourceTree = BUILT_PRODUCTS_DIR; };
		BF69722A2D297453AA909503 /* Pods_Performance_iOS_SwiftTests.framework */ = {isa = PBXFileReference; explicitFileType = wrapper.framework; includeInIndex = 0; path = Pods_Performance_iOS_SwiftTests.framework; sourceTree = BUILT_PRODUCTS_DIR; };
/* End PBXFileReference section */

/* Begin PBXFrameworksBuildPhase section */
		2BCA57D222CAD1AD005F4C52 /* Frameworks */ = {
			isa = PBXFrameworksBuildPhase;
			buildActionMask = 2147483647;
			files = (
				943FE1ED9D220B5A0527DDD2 /* Pods_Performance_iOS_Swift.framework in Frameworks */,
			);
			runOnlyForDeploymentPostprocessing = 0;
		};
		2BCA57E622CAD1AF005F4C52 /* Frameworks */ = {
			isa = PBXFrameworksBuildPhase;
			buildActionMask = 2147483647;
			files = (
				B5F8E6069E48F82263E99761 /* Pods_Performance_iOS_SwiftTests.framework in Frameworks */,
			);
			runOnlyForDeploymentPostprocessing = 0;
		};
/* End PBXFrameworksBuildPhase section */

/* Begin PBXGroup section */
		25093A9CAFFFB8DE12ECBEF7 /* Pods */ = {
			isa = PBXGroup;
			children = (
				48D70A4290C4D5A1EB2105D3 /* Pods-Performance-iOS-Swift.debug.xcconfig */,
				9F7322485F47203DE62D3B2E /* Pods-Performance-iOS-Swift.release.xcconfig */,
				2B92693413FFAD4539FC35AC /* Pods-Performance-iOS-SwiftTests.debug.xcconfig */,
				365FD17C7D8FA98F81BB8CA3 /* Pods-Performance-iOS-SwiftTests.release.xcconfig */,
			);
			name = Pods;
			path = Pods;
			sourceTree = "<group>";
		};
		2BCA57CC22CAD1AD005F4C52 = {
			isa = PBXGroup;
			children = (
				2BCA57D722CAD1AD005F4C52 /* Performance-iOS-Swift */,
				2BCA57EC22CAD1AF005F4C52 /* Performance-iOS-SwiftTests */,
				2BCA57D622CAD1AD005F4C52 /* Products */,
				25093A9CAFFFB8DE12ECBEF7 /* Pods */,
				F9CAD8F1906095F46D87ED3E /* Frameworks */,
			);
			sourceTree = "<group>";
		};
		2BCA57D622CAD1AD005F4C52 /* Products */ = {
			isa = PBXGroup;
			children = (
				2BCA57D522CAD1AD005F4C52 /* Performance-iOS-Swift.app */,
				2BCA57E922CAD1AF005F4C52 /* Performance-iOS-SwiftTests.xctest */,
			);
			name = Products;
			sourceTree = "<group>";
		};
		2BCA57D722CAD1AD005F4C52 /* Performance-iOS-Swift */ = {
			isa = PBXGroup;
			children = (
				2BCA57D822CAD1AD005F4C52 /* AppDelegate.swift */,
				2BCA57DA22CAD1AD005F4C52 /* ViewController.swift */,
				2BCA57DC22CAD1AD005F4C52 /* Main.storyboard */,
				2BCA57DF22CAD1AF005F4C52 /* Assets.xcassets */,
				2BCA57E122CAD1AF005F4C52 /* LaunchScreen.storyboard */,
				2BCA57E422CAD1AF005F4C52 /* Info.plist */,
			);
			path = "Performance-iOS-Swift";
			sourceTree = "<group>";
		};
		2BCA57EC22CAD1AF005F4C52 /* Performance-iOS-SwiftTests */ = {
			isa = PBXGroup;
			children = (
				2BCA57ED22CAD1AF005F4C52 /* Performance_iOS_SwiftTests.swift */,
				2BCA57EF22CAD1AF005F4C52 /* Info.plist */,
			);
			path = "Performance-iOS-SwiftTests";
			sourceTree = "<group>";
		};
		F9CAD8F1906095F46D87ED3E /* Frameworks */ = {
			isa = PBXGroup;
			children = (
				B78BBBF2330F682922C8E643 /* Pods_Performance_iOS_Swift.framework */,
				BF69722A2D297453AA909503 /* Pods_Performance_iOS_SwiftTests.framework */,
			);
			name = Frameworks;
			sourceTree = "<group>";
		};
/* End PBXGroup section */

/* Begin PBXNativeTarget section */
		2BCA57D422CAD1AD005F4C52 /* Performance-iOS-Swift */ = {
			isa = PBXNativeTarget;
			buildConfigurationList = 2BCA57F222CAD1AF005F4C52 /* Build configuration list for PBXNativeTarget "Performance-iOS-Swift" */;
			buildPhases = (
				5FB0CE5C76028A67BB682786 /* [CP] Check Pods Manifest.lock */,
				2BCA57D122CAD1AD005F4C52 /* Sources */,
				2BCA57D222CAD1AD005F4C52 /* Frameworks */,
				2BCA57D322CAD1AD005F4C52 /* Resources */,
			);
			buildRules = (
			);
			dependencies = (
			);
			name = "Performance-iOS-Swift";
			productName = "Performance-iOS-Swift";
			productReference = 2BCA57D522CAD1AD005F4C52 /* Performance-iOS-Swift.app */;
			productType = "com.apple.product-type.application";
		};
		2BCA57E822CAD1AF005F4C52 /* Performance-iOS-SwiftTests */ = {
			isa = PBXNativeTarget;
			buildConfigurationList = 2BCA57F522CAD1AF005F4C52 /* Build configuration list for PBXNativeTarget "Performance-iOS-SwiftTests" */;
			buildPhases = (
				FB9EC61E2A8F115EF6EAA3B5 /* [CP] Check Pods Manifest.lock */,
				2BCA57E522CAD1AF005F4C52 /* Sources */,
				2BCA57E622CAD1AF005F4C52 /* Frameworks */,
				2BCA57E722CAD1AF005F4C52 /* Resources */,
			);
			buildRules = (
			);
			dependencies = (
				2BCA57EB22CAD1AF005F4C52 /* PBXTargetDependency */,
			);
			name = "Performance-iOS-SwiftTests";
			productName = "Performance-iOS-SwiftTests";
			productReference = 2BCA57E922CAD1AF005F4C52 /* Performance-iOS-SwiftTests.xctest */;
			productType = "com.apple.product-type.bundle.unit-test";
		};
/* End PBXNativeTarget section */

/* Begin PBXProject section */
		2BCA57CD22CAD1AD005F4C52 /* Project object */ = {
			isa = PBXProject;
			attributes = {
				LastSwiftUpdateCheck = 1020;
				LastUpgradeCheck = 1020;
				ORGANIZATIONNAME = "Cock Developer";
				TargetAttributes = {
					2BCA57D422CAD1AD005F4C52 = {
						CreatedOnToolsVersion = 10.2.1;
					};
					2BCA57E822CAD1AF005F4C52 = {
						CreatedOnToolsVersion = 10.2.1;
						TestTargetID = 2BCA57D422CAD1AD005F4C52;
					};
				};
			};
			buildConfigurationList = 2BCA57D022CAD1AD005F4C52 /* Build configuration list for PBXProject "Performance-iOS-Swift" */;
			compatibilityVersion = "Xcode 9.3";
			developmentRegion = en;
			hasScannedForEncodings = 0;
			knownRegions = (
				en,
				Base,
			);
			mainGroup = 2BCA57CC22CAD1AD005F4C52;
			productRefGroup = 2BCA57D622CAD1AD005F4C52 /* Products */;
			projectDirPath = "";
			projectRoot = "";
			targets = (
				2BCA57D422CAD1AD005F4C52 /* Performance-iOS-Swift */,
				2BCA57E822CAD1AF005F4C52 /* Performance-iOS-SwiftTests */,
			);
		};
/* End PBXProject section */

/* Begin PBXResourcesBuildPhase section */
		2BCA57D322CAD1AD005F4C52 /* Resources */ = {
			isa = PBXResourcesBuildPhase;
			buildActionMask = 2147483647;
			files = (
				2BCA57E322CAD1AF005F4C52 /* LaunchScreen.storyboard in Resources */,
				2BCA57E022CAD1AF005F4C52 /* Assets.xcassets in Resources */,
				2BCA57DE22CAD1AD005F4C52 /* Main.storyboard in Resources */,
			);
			runOnlyForDeploymentPostprocessing = 0;
		};
		2BCA57E722CAD1AF005F4C52 /* Resources */ = {
			isa = PBXResourcesBuildPhase;
			buildActionMask = 2147483647;
			files = (
			);
			runOnlyForDeploymentPostprocessing = 0;
		};
/* End PBXResourcesBuildPhase section */

/* Begin PBXShellScriptBuildPhase section */
		5FB0CE5C76028A67BB682786 /* [CP] Check Pods Manifest.lock */ = {
			isa = PBXShellScriptBuildPhase;
			buildActionMask = 2147483647;
			files = (
			);
			inputFileListPaths = (
			);
			inputPaths = (
				"${PODS_PODFILE_DIR_PATH}/Podfile.lock",
				"${PODS_ROOT}/Manifest.lock",
			);
			name = "[CP] Check Pods Manifest.lock";
			outputFileListPaths = (
			);
			outputPaths = (
				"$(DERIVED_FILE_DIR)/Pods-Performance-iOS-Swift-checkManifestLockResult.txt",
			);
			runOnlyForDeploymentPostprocessing = 0;
			shellPath = /bin/sh;
			shellScript = "diff \"${PODS_PODFILE_DIR_PATH}/Podfile.lock\" \"${PODS_ROOT}/Manifest.lock\" > /dev/null\nif [ $? != 0 ] ; then\n    # print error to STDERR\n    echo \"error: The sandbox is not in sync with the Podfile.lock. Run 'pod install' or update your CocoaPods installation.\" >&2\n    exit 1\nfi\n# This output is used by Xcode 'outputs' to avoid re-running this script phase.\necho \"SUCCESS\" > \"${SCRIPT_OUTPUT_FILE_0}\"\n";
			showEnvVarsInLog = 0;
		};
		FB9EC61E2A8F115EF6EAA3B5 /* [CP] Check Pods Manifest.lock */ = {
			isa = PBXShellScriptBuildPhase;
			buildActionMask = 2147483647;
			files = (
			);
			inputFileListPaths = (
			);
			inputPaths = (
				"${PODS_PODFILE_DIR_PATH}/Podfile.lock",
				"${PODS_ROOT}/Manifest.lock",
			);
			name = "[CP] Check Pods Manifest.lock";
			outputFileListPaths = (
			);
			outputPaths = (
				"$(DERIVED_FILE_DIR)/Pods-Performance-iOS-SwiftTests-checkManifestLockResult.txt",
			);
			runOnlyForDeploymentPostprocessing = 0;
			shellPath = /bin/sh;
			shellScript = "diff \"${PODS_PODFILE_DIR_PATH}/Podfile.lock\" \"${PODS_ROOT}/Manifest.lock\" > /dev/null\nif [ $? != 0 ] ; then\n    # print error to STDERR\n    echo \"error: The sandbox is not in sync with the Podfile.lock. Run 'pod install' or update your CocoaPods installation.\" >&2\n    exit 1\nfi\n# This output is used by Xcode 'outputs' to avoid re-running this script phase.\necho \"SUCCESS\" > \"${SCRIPT_OUTPUT_FILE_0}\"\n";
			showEnvVarsInLog = 0;
		};
/* End PBXShellScriptBuildPhase section */

/* Begin PBXSourcesBuildPhase section */
		2BCA57D122CAD1AD005F4C52 /* Sources */ = {
			isa = PBXSourcesBuildPhase;
			buildActionMask = 2147483647;
			files = (
				2BCA57DB22CAD1AD005F4C52 /* ViewController.swift in Sources */,
				2BCA57D922CAD1AD005F4C52 /* AppDelegate.swift in Sources */,
			);
			runOnlyForDeploymentPostprocessing = 0;
		};
		2BCA57E522CAD1AF005F4C52 /* Sources */ = {
			isa = PBXSourcesBuildPhase;
			buildActionMask = 2147483647;
			files = (
				2BCA57EE22CAD1AF005F4C52 /* Performance_iOS_SwiftTests.swift in Sources */,
			);
			runOnlyForDeploymentPostprocessing = 0;
		};
/* End PBXSourcesBuildPhase section */

/* Begin PBXTargetDependency section */
		2BCA57EB22CAD1AF005F4C52 /* PBXTargetDependency */ = {
			isa = PBXTargetDependency;
			target = 2BCA57D422CAD1AD005F4C52 /* Performance-iOS-Swift */;
			targetProxy = 2BCA57EA22CAD1AF005F4C52 /* PBXContainerItemProxy */;
		};
/* End PBXTargetDependency section */

/* Begin PBXVariantGroup section */
		2BCA57DC22CAD1AD005F4C52 /* Main.storyboard */ = {
			isa = PBXVariantGroup;
			children = (
				2BCA57DD22CAD1AD005F4C52 /* Base */,
			);
			name = Main.storyboard;
			sourceTree = "<group>";
		};
		2BCA57E122CAD1AF005F4C52 /* LaunchScreen.storyboard */ = {
			isa = PBXVariantGroup;
			children = (
				2BCA57E222CAD1AF005F4C52 /* Base */,
			);
			name = LaunchScreen.storyboard;
			sourceTree = "<group>";
		};
/* End PBXVariantGroup section */

/* Begin XCBuildConfiguration section */
		2BCA57F022CAD1AF005F4C52 /* Debug */ = {
			isa = XCBuildConfiguration;
			buildSettings = {
				ALWAYS_SEARCH_USER_PATHS = NO;
				CLANG_ANALYZER_NONNULL = YES;
				CLANG_ANALYZER_NUMBER_OBJECT_CONVERSION = YES_AGGRESSIVE;
				CLANG_CXX_LANGUAGE_STANDARD = "gnu++14";
				CLANG_CXX_LIBRARY = "libc++";
				CLANG_ENABLE_MODULES = YES;
				CLANG_ENABLE_OBJC_ARC = YES;
				CLANG_ENABLE_OBJC_WEAK = YES;
				CLANG_WARN_BLOCK_CAPTURE_AUTORELEASING = YES;
				CLANG_WARN_BOOL_CONVERSION = YES;
				CLANG_WARN_COMMA = YES;
				CLANG_WARN_CONSTANT_CONVERSION = YES;
				CLANG_WARN_DEPRECATED_OBJC_IMPLEMENTATIONS = YES;
				CLANG_WARN_DIRECT_OBJC_ISA_USAGE = YES_ERROR;
				CLANG_WARN_DOCUMENTATION_COMMENTS = YES;
				CLANG_WARN_EMPTY_BODY = YES;
				CLANG_WARN_ENUM_CONVERSION = YES;
				CLANG_WARN_INFINITE_RECURSION = YES;
				CLANG_WARN_INT_CONVERSION = YES;
				CLANG_WARN_NON_LITERAL_NULL_CONVERSION = YES;
				CLANG_WARN_OBJC_IMPLICIT_RETAIN_SELF = YES;
				CLANG_WARN_OBJC_LITERAL_CONVERSION = YES;
				CLANG_WARN_OBJC_ROOT_CLASS = YES_ERROR;
				CLANG_WARN_RANGE_LOOP_ANALYSIS = YES;
				CLANG_WARN_STRICT_PROTOTYPES = YES;
				CLANG_WARN_SUSPICIOUS_MOVE = YES;
				CLANG_WARN_UNGUARDED_AVAILABILITY = YES_AGGRESSIVE;
				CLANG_WARN_UNREACHABLE_CODE = YES;
				CLANG_WARN__DUPLICATE_METHOD_MATCH = YES;
				CODE_SIGN_IDENTITY = "iPhone Developer";
				COPY_PHASE_STRIP = NO;
				DEBUG_INFORMATION_FORMAT = dwarf;
				ENABLE_STRICT_OBJC_MSGSEND = YES;
				ENABLE_TESTABILITY = YES;
				GCC_C_LANGUAGE_STANDARD = gnu11;
				GCC_DYNAMIC_NO_PIC = NO;
				GCC_NO_COMMON_BLOCKS = YES;
				GCC_OPTIMIZATION_LEVEL = 0;
				GCC_PREPROCESSOR_DEFINITIONS = (
					"DEBUG=1",
					"$(inherited)",
				);
				GCC_WARN_64_TO_32_BIT_CONVERSION = YES;
				GCC_WARN_ABOUT_RETURN_TYPE = YES_ERROR;
				GCC_WARN_UNDECLARED_SELECTOR = YES;
				GCC_WARN_UNINITIALIZED_AUTOS = YES_AGGRESSIVE;
				GCC_WARN_UNUSED_FUNCTION = YES;
				GCC_WARN_UNUSED_VARIABLE = YES;
				IPHONEOS_DEPLOYMENT_TARGET = 12.2;
				MTL_ENABLE_DEBUG_INFO = INCLUDE_SOURCE;
				MTL_FAST_MATH = YES;
				ONLY_ACTIVE_ARCH = YES;
				SDKROOT = iphoneos;
				SWIFT_ACTIVE_COMPILATION_CONDITIONS = DEBUG;
				SWIFT_OPTIMIZATION_LEVEL = "-Onone";
			};
			name = Debug;
		};
		2BCA57F122CAD1AF005F4C52 /* Release */ = {
			isa = XCBuildConfiguration;
			buildSettings = {
				ALWAYS_SEARCH_USER_PATHS = NO;
				CLANG_ANALYZER_NONNULL = YES;
				CLANG_ANALYZER_NUMBER_OBJECT_CONVERSION = YES_AGGRESSIVE;
				CLANG_CXX_LANGUAGE_STANDARD = "gnu++14";
				CLANG_CXX_LIBRARY = "libc++";
				CLANG_ENABLE_MODULES = YES;
				CLANG_ENABLE_OBJC_ARC = YES;
				CLANG_ENABLE_OBJC_WEAK = YES;
				CLANG_WARN_BLOCK_CAPTURE_AUTORELEASING = YES;
				CLANG_WARN_BOOL_CONVERSION = YES;
				CLANG_WARN_COMMA = YES;
				CLANG_WARN_CONSTANT_CONVERSION = YES;
				CLANG_WARN_DEPRECATED_OBJC_IMPLEMENTATIONS = YES;
				CLANG_WARN_DIRECT_OBJC_ISA_USAGE = YES_ERROR;
				CLANG_WARN_DOCUMENTATION_COMMENTS = YES;
				CLANG_WARN_EMPTY_BODY = YES;
				CLANG_WARN_ENUM_CONVERSION = YES;
				CLANG_WARN_INFINITE_RECURSION = YES;
				CLANG_WARN_INT_CONVERSION = YES;
				CLANG_WARN_NON_LITERAL_NULL_CONVERSION = YES;
				CLANG_WARN_OBJC_IMPLICIT_RETAIN_SELF = YES;
				CLANG_WARN_OBJC_LITERAL_CONVERSION = YES;
				CLANG_WARN_OBJC_ROOT_CLASS = YES_ERROR;
				CLANG_WARN_RANGE_LOOP_ANALYSIS = YES;
				CLANG_WARN_STRICT_PROTOTYPES = YES;
				CLANG_WARN_SUSPICIOUS_MOVE = YES;
				CLANG_WARN_UNGUARDED_AVAILABILITY = YES_AGGRESSIVE;
				CLANG_WARN_UNREACHABLE_CODE = YES;
				CLANG_WARN__DUPLICATE_METHOD_MATCH = YES;
				CODE_SIGN_IDENTITY = "iPhone Developer";
				COPY_PHASE_STRIP = NO;
				DEBUG_INFORMATION_FORMAT = "dwarf-with-dsym";
				ENABLE_NS_ASSERTIONS = NO;
				ENABLE_STRICT_OBJC_MSGSEND = YES;
				GCC_C_LANGUAGE_STANDARD = gnu11;
				GCC_NO_COMMON_BLOCKS = YES;
				GCC_WARN_64_TO_32_BIT_CONVERSION = YES;
				GCC_WARN_ABOUT_RETURN_TYPE = YES_ERROR;
				GCC_WARN_UNDECLARED_SELECTOR = YES;
				GCC_WARN_UNINITIALIZED_AUTOS = YES_AGGRESSIVE;
				GCC_WARN_UNUSED_FUNCTION = YES;
				GCC_WARN_UNUSED_VARIABLE = YES;
				IPHONEOS_DEPLOYMENT_TARGET = 12.2;
				MTL_ENABLE_DEBUG_INFO = NO;
				MTL_FAST_MATH = YES;
				SDKROOT = iphoneos;
				SWIFT_COMPILATION_MODE = wholemodule;
				SWIFT_OPTIMIZATION_LEVEL = "-O";
				VALIDATE_PRODUCT = YES;
			};
			name = Release;
		};
		2BCA57F322CAD1AF005F4C52 /* Debug */ = {
			isa = XCBuildConfiguration;
			baseConfigurationReference = 48D70A4290C4D5A1EB2105D3 /* Pods-Performance-iOS-Swift.debug.xcconfig */;
			buildSettings = {
				ASSETCATALOG_COMPILER_APPICON_NAME = AppIcon;
				CODE_SIGN_STYLE = Automatic;
				DEVELOPMENT_TEAM = 2TS57QM5ZC;
				INFOPLIST_FILE = "Performance-iOS-Swift/Info.plist";
				LD_RUNPATH_SEARCH_PATHS = (
					"$(inherited)",
					"@executable_path/Frameworks",
				);
				PRODUCT_BUNDLE_IDENTIFIER = "vn.cock.Performance-iOS-Swift";
				PRODUCT_NAME = "$(TARGET_NAME)";
				SWIFT_VERSION = 5.0;
				TARGETED_DEVICE_FAMILY = "1,2";
			};
			name = Debug;
		};
		2BCA57F422CAD1AF005F4C52 /* Release */ = {
			isa = XCBuildConfiguration;
			baseConfigurationReference = 9F7322485F47203DE62D3B2E /* Pods-Performance-iOS-Swift.release.xcconfig */;
			buildSettings = {
				ASSETCATALOG_COMPILER_APPICON_NAME = AppIcon;
				CODE_SIGN_STYLE = Automatic;
				DEVELOPMENT_TEAM = 2TS57QM5ZC;
				INFOPLIST_FILE = "Performance-iOS-Swift/Info.plist";
				LD_RUNPATH_SEARCH_PATHS = (
					"$(inherited)",
					"@executable_path/Frameworks",
				);
				PRODUCT_BUNDLE_IDENTIFIER = "vn.cock.Performance-iOS-Swift";
				PRODUCT_NAME = "$(TARGET_NAME)";
				SWIFT_VERSION = 5.0;
				TARGETED_DEVICE_FAMILY = "1,2";
			};
			name = Release;
		};
		2BCA57F622CAD1AF005F4C52 /* Debug */ = {
			isa = XCBuildConfiguration;
			baseConfigurationReference = 2B92693413FFAD4539FC35AC /* Pods-Performance-iOS-SwiftTests.debug.xcconfig */;
			buildSettings = {
				ALWAYS_EMBED_SWIFT_STANDARD_LIBRARIES = YES;
				BUNDLE_LOADER = "$(TEST_HOST)";
				CODE_SIGN_STYLE = Automatic;
				DEVELOPMENT_TEAM = 2TS57QM5ZC;
				INFOPLIST_FILE = "Performance-iOS-SwiftTests/Info.plist";
				LD_RUNPATH_SEARCH_PATHS = (
					"$(inherited)",
					"@executable_path/Frameworks",
					"@loader_path/Frameworks",
				);
				PRODUCT_BUNDLE_IDENTIFIER = "vn.cock.Performance-iOS-SwiftTests";
				PRODUCT_NAME = "$(TARGET_NAME)";
				SWIFT_VERSION = 5.0;
				TARGETED_DEVICE_FAMILY = "1,2";
				TEST_HOST = "$(BUILT_PRODUCTS_DIR)/Performance-iOS-Swift.app/Performance-iOS-Swift";
			};
			name = Debug;
		};
		2BCA57F722CAD1AF005F4C52 /* Release */ = {
			isa = XCBuildConfiguration;
			baseConfigurationReference = 365FD17C7D8FA98F81BB8CA3 /* Pods-Performance-iOS-SwiftTests.release.xcconfig */;
			buildSettings = {
				ALWAYS_EMBED_SWIFT_STANDARD_LIBRARIES = YES;
				BUNDLE_LOADER = "$(TEST_HOST)";
				CODE_SIGN_STYLE = Automatic;
				DEVELOPMENT_TEAM = 2TS57QM5ZC;
				INFOPLIST_FILE = "Performance-iOS-SwiftTests/Info.plist";
				LD_RUNPATH_SEARCH_PATHS = (
					"$(inherited)",
					"@executable_path/Frameworks",
					"@loader_path/Frameworks",
				);
				PRODUCT_BUNDLE_IDENTIFIER = "vn.cock.Performance-iOS-SwiftTests";
				PRODUCT_NAME = "$(TARGET_NAME)";
				SWIFT_VERSION = 5.0;
				TARGETED_DEVICE_FAMILY = "1,2";
				TEST_HOST = "$(BUILT_PRODUCTS_DIR)/Performance-iOS-Swift.app/Performance-iOS-Swift";
			};
			name = Release;
		};
/* End XCBuildConfiguration section */

/* Begin XCConfigurationList section */
		2BCA57D022CAD1AD005F4C52 /* Build configuration list for PBXProject "Performance-iOS-Swift" */ = {
			isa = XCConfigurationList;
			buildConfigurations = (
				2BCA57F022CAD1AF005F4C52 /* Debug */,
				2BCA57F122CAD1AF005F4C52 /* Release */,
			);
			defaultConfigurationIsVisible = 0;
			defaultConfigurationName = Release;
		};
		2BCA57F222CAD1AF005F4C52 /* Build configuration list for PBXNativeTarget "Performance-iOS-Swift" */ = {
			isa = XCConfigurationList;
			buildConfigurations = (
				2BCA57F322CAD1AF005F4C52 /* Debug */,
				2BCA57F422CAD1AF005F4C52 /* Release */,
			);
			defaultConfigurationIsVisible = 0;
			defaultConfigurationName = Release;
		};
		2BCA57F522CAD1AF005F4C52 /* Build configuration list for PBXNativeTarget "Performance-iOS-SwiftTests" */ = {
			isa = XCConfigurationList;
			buildConfigurations = (
				2BCA57F622CAD1AF005F4C52 /* Debug */,
				2BCA57F722CAD1AF005F4C52 /* Release */,
			);
			defaultConfigurationIsVisible = 0;
			defaultConfigurationName = Release;
		};
/* End XCConfigurationList section */
	};
	rootObject = 2BCA57CD22CAD1AD005F4C52 /* Project object */;
}
